// !$*UTF8*$!
{
	archiveVersion = 1;
	classes = {
	};
	objectVersion = 56;
	objects = {

/* Begin PBXBuildFile section */
		CE23478E2D9EBC1D00847108 /* TrackerType.swift in Sources */ = {isa = PBXBuildFile; fileRef = CE23478D2D9EBC1D00847108 /* TrackerType.swift */; };
		CE2347942DA3F13700847108 /* DataManager.swift in Sources */ = {isa = PBXBuildFile; fileRef = CE2347932DA3F13700847108 /* DataManager.swift */; };
		CE4A24F82DAB9CFE003BA0BA /* EmojiCell.swift in Sources */ = {isa = PBXBuildFile; fileRef = CE4A24F72DAB9CFE003BA0BA /* EmojiCell.swift */; };
		CE4A24FA2DAB9F6B003BA0BA /* ColorCell.swift in Sources */ = {isa = PBXBuildFile; fileRef = CE4A24F92DAB9F6B003BA0BA /* ColorCell.swift */; };
		CE5D27BC2D997FAB00257869 /* TrackerCell.swift in Sources */ = {isa = PBXBuildFile; fileRef = CE5D27BB2D997FAB00257869 /* TrackerCell.swift */; };
		CE5D27BE2D99891000257869 /* SupplementaryView.swift in Sources */ = {isa = PBXBuildFile; fileRef = CE5D27BD2D99891000257869 /* SupplementaryView.swift */; };
		CE5D27C02D999C3700257869 /* CreateTrackerViewController.swift in Sources */ = {isa = PBXBuildFile; fileRef = CE5D27BF2D999C3700257869 /* CreateTrackerViewController.swift */; };
		CE5D27C22D9A841C00257869 /* NewHabitOrEventViewController.swift in Sources */ = {isa = PBXBuildFile; fileRef = CE5D27C12D9A841C00257869 /* NewHabitOrEventViewController.swift */; };
		CE5D27C82D9AE17C00257869 /* ScheduleViewController.swift in Sources */ = {isa = PBXBuildFile; fileRef = CE5D27C72D9AE17C00257869 /* ScheduleViewController.swift */; };
		CE5D27CA2D9AE60200257869 /* ScheduleCell.swift in Sources */ = {isa = PBXBuildFile; fileRef = CE5D27C92D9AE60200257869 /* ScheduleCell.swift */; };
		CE5D27CC2D9AEBF400257869 /* Weekday.swift in Sources */ = {isa = PBXBuildFile; fileRef = CE5D27CB2D9AEBF400257869 /* Weekday.swift */; };
		CE5D27D22D9AF4BC00257869 /* CategoryViewController.swift in Sources */ = {isa = PBXBuildFile; fileRef = CE5D27D12D9AF4BC00257869 /* CategoryViewController.swift */; };
		CE8915652DDAECA900861170 /* TrackerTests.swift in Sources */ = {isa = PBXBuildFile; fileRef = CE8915642DDAECA900861170 /* TrackerTests.swift */; };
		CE89156D2DDAECD300861170 /* InlineSnapshotTesting in Frameworks */ = {isa = PBXBuildFile; productRef = CE89156C2DDAECD300861170 /* InlineSnapshotTesting */; };
		CE89156F2DDAECD300861170 /* SnapshotTesting in Frameworks */ = {isa = PBXBuildFile; productRef = CE89156E2DDAECD300861170 /* SnapshotTesting */; };
		CE8915712DDAECD300861170 /* SnapshotTestingCustomDump in Frameworks */ = {isa = PBXBuildFile; productRef = CE8915702DDAECD300861170 /* SnapshotTestingCustomDump */; };
		CE8915732DDB775B00861170 /* Colors.swift in Sources */ = {isa = PBXBuildFile; fileRef = CE8915722DDB775B00861170 /* Colors.swift */; };
		CE8915752DDC923C00861170 /* FilterType.swift in Sources */ = {isa = PBXBuildFile; fileRef = CE8915742DDC923C00861170 /* FilterType.swift */; };
		CE8915772DDCA60200861170 /* Extensions.swift in Sources */ = {isa = PBXBuildFile; fileRef = CE8915762DDCA60200861170 /* Extensions.swift */; };
		CE9614492D8C6F9800AC062C /* AppDelegate.swift in Sources */ = {isa = PBXBuildFile; fileRef = CE9614482D8C6F9800AC062C /* AppDelegate.swift */; };
		CE96144B2D8C6F9800AC062C /* SceneDelegate.swift in Sources */ = {isa = PBXBuildFile; fileRef = CE96144A2D8C6F9800AC062C /* SceneDelegate.swift */; };
		CE96144D2D8C6F9800AC062C /* TrackersViewController.swift in Sources */ = {isa = PBXBuildFile; fileRef = CE96144C2D8C6F9800AC062C /* TrackersViewController.swift */; };
		CE9614522D8C6F9A00AC062C /* Assets.xcassets in Resources */ = {isa = PBXBuildFile; fileRef = CE9614512D8C6F9A00AC062C /* Assets.xcassets */; };
		CE9614552D8C6F9A00AC062C /* Base in Resources */ = {isa = PBXBuildFile; fileRef = CE9614542D8C6F9A00AC062C /* Base */; };
		CE9614622D8D9B1A00AC062C /* TabBarController.swift in Sources */ = {isa = PBXBuildFile; fileRef = CE9614612D8D9B1A00AC062C /* TabBarController.swift */; };
		CE9614642D8D9BB300AC062C /* StatisticViewController.swift in Sources */ = {isa = PBXBuildFile; fileRef = CE9614632D8D9BB300AC062C /* StatisticViewController.swift */; };
		CE9614AE2D92F5D600AC062C /* Tracker.swift in Sources */ = {isa = PBXBuildFile; fileRef = CE9614AD2D92F5D600AC062C /* Tracker.swift */; };
		CE9614B02D92F5E100AC062C /* TrackerCategory.swift in Sources */ = {isa = PBXBuildFile; fileRef = CE9614AF2D92F5E100AC062C /* TrackerCategory.swift */; };
		CE9614B22D92F5F100AC062C /* TrackerRecord.swift in Sources */ = {isa = PBXBuildFile; fileRef = CE9614B12D92F5F100AC062C /* TrackerRecord.swift */; };
		CEA3306B2DB3C29B00BAA309 /* Tracker.xcdatamodeld in Sources */ = {isa = PBXBuildFile; fileRef = CEA330692DB3C29B00BAA309 /* Tracker.xcdatamodeld */; };
		CEA3306E2DB3C5B100BAA309 /* CoreDataManager.swift in Sources */ = {isa = PBXBuildFile; fileRef = CEA3306D2DB3C5B100BAA309 /* CoreDataManager.swift */; };
		CEA330712DB3D08000BAA309 /* TrackerStore.swift in Sources */ = {isa = PBXBuildFile; fileRef = CEA330702DB3D08000BAA309 /* TrackerStore.swift */; };
		CEA330732DB3D08C00BAA309 /* TrackerCategoryStore.swift in Sources */ = {isa = PBXBuildFile; fileRef = CEA330722DB3D08C00BAA309 /* TrackerCategoryStore.swift */; };
		CEA330752DB3D09D00BAA309 /* TrackerRecordStore.swift in Sources */ = {isa = PBXBuildFile; fileRef = CEA330742DB3D09D00BAA309 /* TrackerRecordStore.swift */; };
		CEBFFC142DC5E0F2000185E5 /* OnboardingPageViewController.swift in Sources */ = {isa = PBXBuildFile; fileRef = CEBFFC132DC5E0F2000185E5 /* OnboardingPageViewController.swift */; };
		CEBFFC162DC5E34A000185E5 /* OnboardingContentViewController.swift in Sources */ = {isa = PBXBuildFile; fileRef = CEBFFC152DC5E34A000185E5 /* OnboardingContentViewController.swift */; };
		CEBFFC1C2DC8EC56000185E5 /* AddCategoryViewController.swift in Sources */ = {isa = PBXBuildFile; fileRef = CEBFFC1B2DC8EC56000185E5 /* AddCategoryViewController.swift */; };
		CEBFFC1E2DC9027B000185E5 /* CategoryViewModel.swift in Sources */ = {isa = PBXBuildFile; fileRef = CEBFFC1D2DC9027B000185E5 /* CategoryViewModel.swift */; };
		CEE54E782DD4C95A008D8780 /* Localizable.strings in Resources */ = {isa = PBXBuildFile; fileRef = CEE54E762DD4C95A008D8780 /* Localizable.strings */; };
		CEE54E9A2DD89FC7008D8780 /* StatisticsService.swift in Sources */ = {isa = PBXBuildFile; fileRef = CEE54E992DD89FC7008D8780 /* StatisticsService.swift */; };
		CEE54E9C2DD8A021008D8780 /* StatisticsCell.swift in Sources */ = {isa = PBXBuildFile; fileRef = CEE54E9B2DD8A021008D8780 /* StatisticsCell.swift */; };
		CEE54E9E2DD8A049008D8780 /* GradientBorderView.swift in Sources */ = {isa = PBXBuildFile; fileRef = CEE54E9D2DD8A049008D8780 /* GradientBorderView.swift */; };
		CEE54EA02DDA48B0008D8780 /* FiltersViewController.swift in Sources */ = {isa = PBXBuildFile; fileRef = CEE54E9F2DDA48B0008D8780 /* FiltersViewController.swift */; };
/* End PBXBuildFile section */

/* Begin PBXContainerItemProxy section */
		CE8915662DDAECA900861170 /* PBXContainerItemProxy */ = {
			isa = PBXContainerItemProxy;
			containerPortal = CE96143D2D8C6F9800AC062C /* Project object */;
			proxyType = 1;
			remoteGlobalIDString = CE9614442D8C6F9800AC062C;
			remoteInfo = Tracker;
		};
/* End PBXContainerItemProxy section */

/* Begin PBXFileReference section */
		CE23478D2D9EBC1D00847108 /* TrackerType.swift */ = {isa = PBXFileReference; lastKnownFileType = sourcecode.swift; path = TrackerType.swift; sourceTree = "<group>"; };
		CE2347932DA3F13700847108 /* DataManager.swift */ = {isa = PBXFileReference; lastKnownFileType = sourcecode.swift; path = DataManager.swift; sourceTree = "<group>"; };
		CE4A24F72DAB9CFE003BA0BA /* EmojiCell.swift */ = {isa = PBXFileReference; lastKnownFileType = sourcecode.swift; path = EmojiCell.swift; sourceTree = "<group>"; };
		CE4A24F92DAB9F6B003BA0BA /* ColorCell.swift */ = {isa = PBXFileReference; lastKnownFileType = sourcecode.swift; path = ColorCell.swift; sourceTree = "<group>"; };
		CE5D27BB2D997FAB00257869 /* TrackerCell.swift */ = {isa = PBXFileReference; lastKnownFileType = sourcecode.swift; path = TrackerCell.swift; sourceTree = "<group>"; };
		CE5D27BD2D99891000257869 /* SupplementaryView.swift */ = {isa = PBXFileReference; lastKnownFileType = sourcecode.swift; path = SupplementaryView.swift; sourceTree = "<group>"; };
		CE5D27BF2D999C3700257869 /* CreateTrackerViewController.swift */ = {isa = PBXFileReference; lastKnownFileType = sourcecode.swift; path = CreateTrackerViewController.swift; sourceTree = "<group>"; };
		CE5D27C12D9A841C00257869 /* NewHabitOrEventViewController.swift */ = {isa = PBXFileReference; lastKnownFileType = sourcecode.swift; path = NewHabitOrEventViewController.swift; sourceTree = "<group>"; };
		CE5D27C72D9AE17C00257869 /* ScheduleViewController.swift */ = {isa = PBXFileReference; lastKnownFileType = sourcecode.swift; path = ScheduleViewController.swift; sourceTree = "<group>"; };
		CE5D27C92D9AE60200257869 /* ScheduleCell.swift */ = {isa = PBXFileReference; lastKnownFileType = sourcecode.swift; path = ScheduleCell.swift; sourceTree = "<group>"; };
		CE5D27CB2D9AEBF400257869 /* Weekday.swift */ = {isa = PBXFileReference; lastKnownFileType = sourcecode.swift; path = Weekday.swift; sourceTree = "<group>"; };
		CE5D27D12D9AF4BC00257869 /* CategoryViewController.swift */ = {isa = PBXFileReference; lastKnownFileType = sourcecode.swift; path = CategoryViewController.swift; sourceTree = "<group>"; };
		CE8915622DDAECA900861170 /* TrackerTests.xctest */ = {isa = PBXFileReference; explicitFileType = wrapper.cfbundle; includeInIndex = 0; path = TrackerTests.xctest; sourceTree = BUILT_PRODUCTS_DIR; };
		CE8915642DDAECA900861170 /* TrackerTests.swift */ = {isa = PBXFileReference; lastKnownFileType = sourcecode.swift; path = TrackerTests.swift; sourceTree = "<group>"; };
		CE8915722DDB775B00861170 /* Colors.swift */ = {isa = PBXFileReference; lastKnownFileType = sourcecode.swift; path = Colors.swift; sourceTree = "<group>"; };
		CE8915742DDC923C00861170 /* FilterType.swift */ = {isa = PBXFileReference; lastKnownFileType = sourcecode.swift; path = FilterType.swift; sourceTree = "<group>"; };
		CE8915762DDCA60200861170 /* Extensions.swift */ = {isa = PBXFileReference; lastKnownFileType = sourcecode.swift; path = Extensions.swift; sourceTree = "<group>"; };
		CE9614452D8C6F9800AC062C /* Tracker.app */ = {isa = PBXFileReference; explicitFileType = wrapper.application; includeInIndex = 0; path = Tracker.app; sourceTree = BUILT_PRODUCTS_DIR; };
		CE9614482D8C6F9800AC062C /* AppDelegate.swift */ = {isa = PBXFileReference; lastKnownFileType = sourcecode.swift; path = AppDelegate.swift; sourceTree = "<group>"; };
		CE96144A2D8C6F9800AC062C /* SceneDelegate.swift */ = {isa = PBXFileReference; lastKnownFileType = sourcecode.swift; path = SceneDelegate.swift; sourceTree = "<group>"; };
		CE96144C2D8C6F9800AC062C /* TrackersViewController.swift */ = {isa = PBXFileReference; lastKnownFileType = sourcecode.swift; path = TrackersViewController.swift; sourceTree = "<group>"; };
		CE9614512D8C6F9A00AC062C /* Assets.xcassets */ = {isa = PBXFileReference; lastKnownFileType = folder.assetcatalog; path = Assets.xcassets; sourceTree = "<group>"; };
		CE9614542D8C6F9A00AC062C /* Base */ = {isa = PBXFileReference; lastKnownFileType = file.storyboard; name = Base; path = Base.lproj/LaunchScreen.storyboard; sourceTree = "<group>"; };
		CE9614562D8C6F9A00AC062C /* Info.plist */ = {isa = PBXFileReference; lastKnownFileType = text.plist.xml; path = Info.plist; sourceTree = "<group>"; };
		CE9614612D8D9B1A00AC062C /* TabBarController.swift */ = {isa = PBXFileReference; lastKnownFileType = sourcecode.swift; path = TabBarController.swift; sourceTree = "<group>"; };
		CE9614632D8D9BB300AC062C /* StatisticViewController.swift */ = {isa = PBXFileReference; lastKnownFileType = sourcecode.swift; path = StatisticViewController.swift; sourceTree = "<group>"; };
		CE9614AD2D92F5D600AC062C /* Tracker.swift */ = {isa = PBXFileReference; lastKnownFileType = sourcecode.swift; path = Tracker.swift; sourceTree = "<group>"; };
		CE9614AF2D92F5E100AC062C /* TrackerCategory.swift */ = {isa = PBXFileReference; lastKnownFileType = sourcecode.swift; path = TrackerCategory.swift; sourceTree = "<group>"; };
		CE9614B12D92F5F100AC062C /* TrackerRecord.swift */ = {isa = PBXFileReference; lastKnownFileType = sourcecode.swift; path = TrackerRecord.swift; sourceTree = "<group>"; };
		CEA3306A2DB3C29B00BAA309 /* Tracker.xcdatamodel */ = {isa = PBXFileReference; lastKnownFileType = wrapper.xcdatamodel; path = Tracker.xcdatamodel; sourceTree = "<group>"; };
		CEA3306D2DB3C5B100BAA309 /* CoreDataManager.swift */ = {isa = PBXFileReference; lastKnownFileType = sourcecode.swift; path = CoreDataManager.swift; sourceTree = "<group>"; };
		CEA330702DB3D08000BAA309 /* TrackerStore.swift */ = {isa = PBXFileReference; lastKnownFileType = sourcecode.swift; path = TrackerStore.swift; sourceTree = "<group>"; };
		CEA330722DB3D08C00BAA309 /* TrackerCategoryStore.swift */ = {isa = PBXFileReference; lastKnownFileType = sourcecode.swift; path = TrackerCategoryStore.swift; sourceTree = "<group>"; };
		CEA330742DB3D09D00BAA309 /* TrackerRecordStore.swift */ = {isa = PBXFileReference; lastKnownFileType = sourcecode.swift; path = TrackerRecordStore.swift; sourceTree = "<group>"; };
		CEBFFC132DC5E0F2000185E5 /* OnboardingPageViewController.swift */ = {isa = PBXFileReference; lastKnownFileType = sourcecode.swift; path = OnboardingPageViewController.swift; sourceTree = "<group>"; };
		CEBFFC152DC5E34A000185E5 /* OnboardingContentViewController.swift */ = {isa = PBXFileReference; lastKnownFileType = sourcecode.swift; path = OnboardingContentViewController.swift; sourceTree = "<group>"; };
		CEBFFC1B2DC8EC56000185E5 /* AddCategoryViewController.swift */ = {isa = PBXFileReference; lastKnownFileType = sourcecode.swift; path = AddCategoryViewController.swift; sourceTree = "<group>"; };
		CEBFFC1D2DC9027B000185E5 /* CategoryViewModel.swift */ = {isa = PBXFileReference; lastKnownFileType = sourcecode.swift; path = CategoryViewModel.swift; sourceTree = "<group>"; };
		CEE54E772DD4C95A008D8780 /* en */ = {isa = PBXFileReference; lastKnownFileType = text.plist.strings; name = en; path = en.lproj/Localizable.strings; sourceTree = "<group>"; };
		CEE54E7A2DD4D87A008D8780 /* ru */ = {isa = PBXFileReference; lastKnownFileType = text.plist.strings; name = ru; path = ru.lproj/Localizable.strings; sourceTree = "<group>"; };
		CEE54E992DD89FC7008D8780 /* StatisticsService.swift */ = {isa = PBXFileReference; lastKnownFileType = sourcecode.swift; path = StatisticsService.swift; sourceTree = "<group>"; };
		CEE54E9B2DD8A021008D8780 /* StatisticsCell.swift */ = {isa = PBXFileReference; lastKnownFileType = sourcecode.swift; path = StatisticsCell.swift; sourceTree = "<group>"; };
		CEE54E9D2DD8A049008D8780 /* GradientBorderView.swift */ = {isa = PBXFileReference; lastKnownFileType = sourcecode.swift; path = GradientBorderView.swift; sourceTree = "<group>"; };
		CEE54E9F2DDA48B0008D8780 /* FiltersViewController.swift */ = {isa = PBXFileReference; lastKnownFileType = sourcecode.swift; path = FiltersViewController.swift; sourceTree = "<group>"; };
/* End PBXFileReference section */

/* Begin PBXFrameworksBuildPhase section */
		CE89155F2DDAECA900861170 /* Frameworks */ = {
			isa = PBXFrameworksBuildPhase;
			buildActionMask = 2147483647;
			files = (
				CE8915712DDAECD300861170 /* SnapshotTestingCustomDump in Frameworks */,
				CE89156D2DDAECD300861170 /* InlineSnapshotTesting in Frameworks */,
				CE89156F2DDAECD300861170 /* SnapshotTesting in Frameworks */,
			);
			runOnlyForDeploymentPostprocessing = 0;
		};
		CE9614422D8C6F9800AC062C /* Frameworks */ = {
			isa = PBXFrameworksBuildPhase;
			buildActionMask = 2147483647;
			files = (
			);
			runOnlyForDeploymentPostprocessing = 0;
		};
/* End PBXFrameworksBuildPhase section */

/* Begin PBXGroup section */
		CE2347922DA3F12900847108 /* Services */ = {
			isa = PBXGroup;
			children = (
				CE2347932DA3F13700847108 /* DataManager.swift */,
			);
			path = Services;
			sourceTree = "<group>";
		};
		CE5D27CD2D9AF2A100257869 /* ScheduleVC */ = {
			isa = PBXGroup;
			children = (
				CE5D27C92D9AE60200257869 /* ScheduleCell.swift */,
				CE5D27C72D9AE17C00257869 /* ScheduleViewController.swift */,
			);
			path = ScheduleVC;
			sourceTree = "<group>";
		};
		CE5D27CE2D9AF2B700257869 /* TrackerVC */ = {
			isa = PBXGroup;
			children = (
				CE96144C2D8C6F9800AC062C /* TrackersViewController.swift */,
				CE5D27BD2D99891000257869 /* SupplementaryView.swift */,
				CE5D27BB2D997FAB00257869 /* TrackerCell.swift */,
			);
			path = TrackerVC;
			sourceTree = "<group>";
		};
		CE5D27CF2D9AF2D100257869 /* HabitOrEvent */ = {
			isa = PBXGroup;
			children = (
				CE5D27C12D9A841C00257869 /* NewHabitOrEventViewController.swift */,
				CE4A24F72DAB9CFE003BA0BA /* EmojiCell.swift */,
				CE4A24F92DAB9F6B003BA0BA /* ColorCell.swift */,
			);
			path = HabitOrEvent;
			sourceTree = "<group>";
		};
		CE5D27D02D9AF4A800257869 /* CategoryVC */ = {
			isa = PBXGroup;
			children = (
				CE5D27D12D9AF4BC00257869 /* CategoryViewController.swift */,
				CEBFFC1B2DC8EC56000185E5 /* AddCategoryViewController.swift */,
				CEBFFC1D2DC9027B000185E5 /* CategoryViewModel.swift */,
			);
			path = CategoryVC;
			sourceTree = "<group>";
		};
		CE8915632DDAECA900861170 /* TrackerTests */ = {
			isa = PBXGroup;
			children = (
				CE8915642DDAECA900861170 /* TrackerTests.swift */,
			);
			path = TrackerTests;
			sourceTree = "<group>";
		};
		CE96143C2D8C6F9800AC062C = {
			isa = PBXGroup;
			children = (
				CE9614472D8C6F9800AC062C /* Tracker */,
				CE8915632DDAECA900861170 /* TrackerTests */,
				CE9614462D8C6F9800AC062C /* Products */,
			);
			sourceTree = "<group>";
		};
		CE9614462D8C6F9800AC062C /* Products */ = {
			isa = PBXGroup;
			children = (
				CE9614452D8C6F9800AC062C /* Tracker.app */,
				CE8915622DDAECA900861170 /* TrackerTests.xctest */,
			);
			name = Products;
			sourceTree = "<group>";
		};
		CE9614472D8C6F9800AC062C /* Tracker */ = {
			isa = PBXGroup;
			children = (
				CEE54E752DD4C93A008D8780 /* Resources */,
				CEA3306C2DB3C59B00BAA309 /* CoreData */,
				CE9614AB2D92F5B900AC062C /* Tracker */,
				CE9614482D8C6F9800AC062C /* AppDelegate.swift */,
				CE96144A2D8C6F9800AC062C /* SceneDelegate.swift */,
				CE9614512D8C6F9A00AC062C /* Assets.xcassets */,
				CE9614532D8C6F9A00AC062C /* LaunchScreen.storyboard */,
				CE9614562D8C6F9A00AC062C /* Info.plist */,
				CE9614612D8D9B1A00AC062C /* TabBarController.swift */,
			);
			path = Tracker;
			sourceTree = "<group>";
		};
		CE9614AB2D92F5B900AC062C /* Tracker */ = {
			isa = PBXGroup;
			children = (
				CE2347922DA3F12900847108 /* Services */,
				CE9614B32D92F90800AC062C /* Views */,
				CE9614AC2D92F5C100AC062C /* Models */,
			);
			path = Tracker;
			sourceTree = "<group>";
		};
		CE9614AC2D92F5C100AC062C /* Models */ = {
			isa = PBXGroup;
			children = (
				CE9614AD2D92F5D600AC062C /* Tracker.swift */,
				CE9614AF2D92F5E100AC062C /* TrackerCategory.swift */,
				CE9614B12D92F5F100AC062C /* TrackerRecord.swift */,
				CE5D27CB2D9AEBF400257869 /* Weekday.swift */,
				CE23478D2D9EBC1D00847108 /* TrackerType.swift */,
			);
			path = Models;
			sourceTree = "<group>";
		};
		CE9614B32D92F90800AC062C /* Views */ = {
			isa = PBXGroup;
			children = (
				CEE54EA12DDA495D008D8780 /* FiltersVC */,
				CEE54E982DD89FB3008D8780 /* Statistics */,
				CEBFFC122DC5E0E1000185E5 /* Onboarding */,
				CE5D27D02D9AF4A800257869 /* CategoryVC */,
				CE5D27CE2D9AF2B700257869 /* TrackerVC */,
				CE5D27BF2D999C3700257869 /* CreateTrackerViewController.swift */,
				CE5D27CF2D9AF2D100257869 /* HabitOrEvent */,
				CE5D27CD2D9AF2A100257869 /* ScheduleVC */,
			);
			path = Views;
			sourceTree = "<group>";
		};
		CEA3306C2DB3C59B00BAA309 /* CoreData */ = {
			isa = PBXGroup;
			children = (
				CEA330692DB3C29B00BAA309 /* Tracker.xcdatamodeld */,
				CEA3306F2DB3D07100BAA309 /* Store */,
				CEA3306D2DB3C5B100BAA309 /* CoreDataManager.swift */,
			);
			path = CoreData;
			sourceTree = "<group>";
		};
		CEA3306F2DB3D07100BAA309 /* Store */ = {
			isa = PBXGroup;
			children = (
				CEA330702DB3D08000BAA309 /* TrackerStore.swift */,
				CEA330722DB3D08C00BAA309 /* TrackerCategoryStore.swift */,
				CEA330742DB3D09D00BAA309 /* TrackerRecordStore.swift */,
			);
			path = Store;
			sourceTree = "<group>";
		};
		CEBFFC122DC5E0E1000185E5 /* Onboarding */ = {
			isa = PBXGroup;
			children = (
				CEBFFC132DC5E0F2000185E5 /* OnboardingPageViewController.swift */,
				CEBFFC152DC5E34A000185E5 /* OnboardingContentViewController.swift */,
			);
			path = Onboarding;
			sourceTree = "<group>";
		};
		CEE54E752DD4C93A008D8780 /* Resources */ = {
			isa = PBXGroup;
			children = (
				CEE54E762DD4C95A008D8780 /* Localizable.strings */,
				CE8915722DDB775B00861170 /* Colors.swift */,
				CE8915762DDCA60200861170 /* Extensions.swift */,
			);
			path = Resources;
			sourceTree = "<group>";
		};
		CEE54E982DD89FB3008D8780 /* Statistics */ = {
			isa = PBXGroup;
			children = (
				CE9614632D8D9BB300AC062C /* StatisticViewController.swift */,
				CEE54E992DD89FC7008D8780 /* StatisticsService.swift */,
				CEE54E9B2DD8A021008D8780 /* StatisticsCell.swift */,
				CEE54E9D2DD8A049008D8780 /* GradientBorderView.swift */,
			);
			path = Statistics;
			sourceTree = "<group>";
		};
		CEE54EA12DDA495D008D8780 /* FiltersVC */ = {
			isa = PBXGroup;
			children = (
				CEE54E9F2DDA48B0008D8780 /* FiltersViewController.swift */,
				CE8915742DDC923C00861170 /* FilterType.swift */,
			);
			path = FiltersVC;
			sourceTree = "<group>";
		};
/* End PBXGroup section */

/* Begin PBXNativeTarget section */
		CE8915612DDAECA900861170 /* TrackerTests */ = {
			isa = PBXNativeTarget;
			buildConfigurationList = CE89156A2DDAECA900861170 /* Build configuration list for PBXNativeTarget "TrackerTests" */;
			buildPhases = (
				CE89155E2DDAECA900861170 /* Sources */,
				CE89155F2DDAECA900861170 /* Frameworks */,
				CE8915602DDAECA900861170 /* Resources */,
			);
			buildRules = (
			);
			dependencies = (
				CE8915672DDAECA900861170 /* PBXTargetDependency */,
			);
			name = TrackerTests;
			packageProductDependencies = (
				CE89156C2DDAECD300861170 /* InlineSnapshotTesting */,
				CE89156E2DDAECD300861170 /* SnapshotTesting */,
				CE8915702DDAECD300861170 /* SnapshotTestingCustomDump */,
			);
			productName = TrackerTests;
			productReference = CE8915622DDAECA900861170 /* TrackerTests.xctest */;
			productType = "com.apple.product-type.bundle.unit-test";
		};
		CE9614442D8C6F9800AC062C /* Tracker */ = {
			isa = PBXNativeTarget;
			buildConfigurationList = CE9614592D8C6F9A00AC062C /* Build configuration list for PBXNativeTarget "Tracker" */;
			buildPhases = (
				CE9614412D8C6F9800AC062C /* Sources */,
				CE9614422D8C6F9800AC062C /* Frameworks */,
				CE9614432D8C6F9800AC062C /* Resources */,
			);
			buildRules = (
			);
			dependencies = (
			);
			name = Tracker;
			productName = Tracker;
			productReference = CE9614452D8C6F9800AC062C /* Tracker.app */;
			productType = "com.apple.product-type.application";
		};
/* End PBXNativeTarget section */

/* Begin PBXProject section */
		CE96143D2D8C6F9800AC062C /* Project object */ = {
			isa = PBXProject;
			attributes = {
				BuildIndependentTargetsInParallel = 1;
				LastSwiftUpdateCheck = 1540;
				LastUpgradeCheck = 1540;
				TargetAttributes = {
					CE8915612DDAECA900861170 = {
						CreatedOnToolsVersion = 15.4;
						TestTargetID = CE9614442D8C6F9800AC062C;
					};
					CE9614442D8C6F9800AC062C = {
						CreatedOnToolsVersion = 15.4;
					};
				};
			};
			buildConfigurationList = CE9614402D8C6F9800AC062C /* Build configuration list for PBXProject "Tracker" */;
			compatibilityVersion = "Xcode 14.0";
			developmentRegion = en;
			hasScannedForEncodings = 0;
			knownRegions = (
				en,
				Base,
				ru,
			);
			mainGroup = CE96143C2D8C6F9800AC062C;
			packageReferences = (
				CE89156B2DDAECD300861170 /* XCRemoteSwiftPackageReference "swift-snapshot-testing" */,
			);
			productRefGroup = CE9614462D8C6F9800AC062C /* Products */;
			projectDirPath = "";
			projectRoot = "";
			targets = (
				CE9614442D8C6F9800AC062C /* Tracker */,
				CE8915612DDAECA900861170 /* TrackerTests */,
			);
		};
/* End PBXProject section */

/* Begin PBXResourcesBuildPhase section */
		CE8915602DDAECA900861170 /* Resources */ = {
			isa = PBXResourcesBuildPhase;
			buildActionMask = 2147483647;
			files = (
			);
			runOnlyForDeploymentPostprocessing = 0;
		};
		CE9614432D8C6F9800AC062C /* Resources */ = {
			isa = PBXResourcesBuildPhase;
			buildActionMask = 2147483647;
			files = (
				CE9614522D8C6F9A00AC062C /* Assets.xcassets in Resources */,
				CEE54E782DD4C95A008D8780 /* Localizable.strings in Resources */,
				CE9614552D8C6F9A00AC062C /* Base in Resources */,
			);
			runOnlyForDeploymentPostprocessing = 0;
		};
/* End PBXResourcesBuildPhase section */

/* Begin PBXSourcesBuildPhase section */
		CE89155E2DDAECA900861170 /* Sources */ = {
			isa = PBXSourcesBuildPhase;
			buildActionMask = 2147483647;
			files = (
				CE8915652DDAECA900861170 /* TrackerTests.swift in Sources */,
			);
			runOnlyForDeploymentPostprocessing = 0;
		};
		CE9614412D8C6F9800AC062C /* Sources */ = {
			isa = PBXSourcesBuildPhase;
			buildActionMask = 2147483647;
			files = (
				CE8915752DDC923C00861170 /* FilterType.swift in Sources */,
				CE5D27C82D9AE17C00257869 /* ScheduleViewController.swift in Sources */,
				CE9614AE2D92F5D600AC062C /* Tracker.swift in Sources */,
				CEA330712DB3D08000BAA309 /* TrackerStore.swift in Sources */,
				CE8915732DDB775B00861170 /* Colors.swift in Sources */,
				CE5D27CC2D9AEBF400257869 /* Weekday.swift in Sources */,
				CE23478E2D9EBC1D00847108 /* TrackerType.swift in Sources */,
				CEBFFC1C2DC8EC56000185E5 /* AddCategoryViewController.swift in Sources */,
				CE5D27BC2D997FAB00257869 /* TrackerCell.swift in Sources */,
				CE5D27BE2D99891000257869 /* SupplementaryView.swift in Sources */,
				CE5D27C02D999C3700257869 /* CreateTrackerViewController.swift in Sources */,
				CEBFFC142DC5E0F2000185E5 /* OnboardingPageViewController.swift in Sources */,
				CE2347942DA3F13700847108 /* DataManager.swift in Sources */,
				CE9614B22D92F5F100AC062C /* TrackerRecord.swift in Sources */,
				CE96144D2D8C6F9800AC062C /* TrackersViewController.swift in Sources */,
				CEA3306E2DB3C5B100BAA309 /* CoreDataManager.swift in Sources */,
				CE9614622D8D9B1A00AC062C /* TabBarController.swift in Sources */,
				CE9614492D8C6F9800AC062C /* AppDelegate.swift in Sources */,
				CE5D27C22D9A841C00257869 /* NewHabitOrEventViewController.swift in Sources */,
				CE8915772DDCA60200861170 /* Extensions.swift in Sources */,
				CE4A24FA2DAB9F6B003BA0BA /* ColorCell.swift in Sources */,
				CEBFFC1E2DC9027B000185E5 /* CategoryViewModel.swift in Sources */,
				CE5D27CA2D9AE60200257869 /* ScheduleCell.swift in Sources */,
				CE9614642D8D9BB300AC062C /* StatisticViewController.swift in Sources */,
				CE4A24F82DAB9CFE003BA0BA /* EmojiCell.swift in Sources */,
				CEA3306B2DB3C29B00BAA309 /* Tracker.xcdatamodeld in Sources */,
				CEA330752DB3D09D00BAA309 /* TrackerRecordStore.swift in Sources */,
				CEA330732DB3D08C00BAA309 /* TrackerCategoryStore.swift in Sources */,
				CE96144B2D8C6F9800AC062C /* SceneDelegate.swift in Sources */,
				CEE54E9E2DD8A049008D8780 /* GradientBorderView.swift in Sources */,
				CEE54E9C2DD8A021008D8780 /* StatisticsCell.swift in Sources */,
				CE5D27D22D9AF4BC00257869 /* CategoryViewController.swift in Sources */,
				CEBFFC162DC5E34A000185E5 /* OnboardingContentViewController.swift in Sources */,
				CEE54E9A2DD89FC7008D8780 /* StatisticsService.swift in Sources */,
				CEE54EA02DDA48B0008D8780 /* FiltersViewController.swift in Sources */,
				CE9614B02D92F5E100AC062C /* TrackerCategory.swift in Sources */,
			);
			runOnlyForDeploymentPostprocessing = 0;
		};
/* End PBXSourcesBuildPhase section */

/* Begin PBXTargetDependency section */
		CE8915672DDAECA900861170 /* PBXTargetDependency */ = {
			isa = PBXTargetDependency;
			target = CE9614442D8C6F9800AC062C /* Tracker */;
			targetProxy = CE8915662DDAECA900861170 /* PBXContainerItemProxy */;
		};
/* End PBXTargetDependency section */

/* Begin PBXVariantGroup section */
		CE9614532D8C6F9A00AC062C /* LaunchScreen.storyboard */ = {
			isa = PBXVariantGroup;
			children = (
				CE9614542D8C6F9A00AC062C /* Base */,
			);
			name = LaunchScreen.storyboard;
			sourceTree = "<group>";
		};
		CEE54E762DD4C95A008D8780 /* Localizable.strings */ = {
			isa = PBXVariantGroup;
			children = (
				CEE54E772DD4C95A008D8780 /* en */,
				CEE54E7A2DD4D87A008D8780 /* ru */,
			);
			name = Localizable.strings;
			sourceTree = "<group>";
		};
/* End PBXVariantGroup section */

/* Begin XCBuildConfiguration section */
		CE8915682DDAECA900861170 /* Debug */ = {
			isa = XCBuildConfiguration;
			buildSettings = {
				BUNDLE_LOADER = "$(TEST_HOST)";
				CODE_SIGN_STYLE = Automatic;
				CURRENT_PROJECT_VERSION = 1;
				DEVELOPMENT_TEAM = 5JT77YB5Z4;
				GENERATE_INFOPLIST_FILE = YES;
				MARKETING_VERSION = 1.0;
				PRODUCT_BUNDLE_IDENTIFIER = com.olyasmirnova.Tracker.TrackerTests;
				PRODUCT_NAME = "$(TARGET_NAME)";
				SWIFT_EMIT_LOC_STRINGS = NO;
				SWIFT_VERSION = 5.0;
				TARGETED_DEVICE_FAMILY = "1,2";
				TEST_HOST = "$(BUILT_PRODUCTS_DIR)/Tracker.app/$(BUNDLE_EXECUTABLE_FOLDER_PATH)/Tracker";
			};
			name = Debug;
		};
		CE8915692DDAECA900861170 /* Release */ = {
			isa = XCBuildConfiguration;
			buildSettings = {
				BUNDLE_LOADER = "$(TEST_HOST)";
				CODE_SIGN_STYLE = Automatic;
				CURRENT_PROJECT_VERSION = 1;
				DEVELOPMENT_TEAM = 5JT77YB5Z4;
				GENERATE_INFOPLIST_FILE = YES;
				MARKETING_VERSION = 1.0;
				PRODUCT_BUNDLE_IDENTIFIER = com.olyasmirnova.Tracker.TrackerTests;
				PRODUCT_NAME = "$(TARGET_NAME)";
				SWIFT_EMIT_LOC_STRINGS = NO;
				SWIFT_VERSION = 5.0;
				TARGETED_DEVICE_FAMILY = "1,2";
				TEST_HOST = "$(BUILT_PRODUCTS_DIR)/Tracker.app/$(BUNDLE_EXECUTABLE_FOLDER_PATH)/Tracker";
			};
			name = Release;
		};
		CE9614572D8C6F9A00AC062C /* Debug */ = {
			isa = XCBuildConfiguration;
			buildSettings = {
				ALWAYS_SEARCH_USER_PATHS = NO;
				ASSETCATALOG_COMPILER_GENERATE_SWIFT_ASSET_SYMBOL_EXTENSIONS = YES;
				CLANG_ANALYZER_LOCALIZABILITY_NONLOCALIZED = YES;
				CLANG_ANALYZER_NONNULL = YES;
				CLANG_ANALYZER_NUMBER_OBJECT_CONVERSION = YES_AGGRESSIVE;
				CLANG_CXX_LANGUAGE_STANDARD = "gnu++20";
				CLANG_ENABLE_MODULES = YES;
				CLANG_ENABLE_OBJC_ARC = YES;
				CLANG_ENABLE_OBJC_WEAK = YES;
				CLANG_WARN_BLOCK_CAPTURE_AUTORELEASING = YES;
				CLANG_WARN_BOOL_CONVERSION = YES;
				CLANG_WARN_COMMA = YES;
				CLANG_WARN_CONSTANT_CONVERSION = YES;
				CLANG_WARN_DEPRECATED_OBJC_IMPLEMENTATIONS = YES;
				CLANG_WARN_DIRECT_OBJC_ISA_USAGE = YES_ERROR;
				CLANG_WARN_DOCUMENTATION_COMMENTS = YES;
				CLANG_WARN_EMPTY_BODY = YES;
				CLANG_WARN_ENUM_CONVERSION = YES;
				CLANG_WARN_INFINITE_RECURSION = YES;
				CLANG_WARN_INT_CONVERSION = YES;
				CLANG_WARN_NON_LITERAL_NULL_CONVERSION = YES;
				CLANG_WARN_OBJC_IMPLICIT_RETAIN_SELF = YES;
				CLANG_WARN_OBJC_LITERAL_CONVERSION = YES;
				CLANG_WARN_OBJC_ROOT_CLASS = YES_ERROR;
				CLANG_WARN_QUOTED_INCLUDE_IN_FRAMEWORK_HEADER = YES;
				CLANG_WARN_RANGE_LOOP_ANALYSIS = YES;
				CLANG_WARN_STRICT_PROTOTYPES = YES;
				CLANG_WARN_SUSPICIOUS_MOVE = YES;
				CLANG_WARN_UNGUARDED_AVAILABILITY = YES_AGGRESSIVE;
				CLANG_WARN_UNREACHABLE_CODE = YES;
				CLANG_WARN__DUPLICATE_METHOD_MATCH = YES;
				COPY_PHASE_STRIP = NO;
				DEBUG_INFORMATION_FORMAT = dwarf;
				ENABLE_STRICT_OBJC_MSGSEND = YES;
				ENABLE_TESTABILITY = YES;
				ENABLE_USER_SCRIPT_SANDBOXING = YES;
				GCC_C_LANGUAGE_STANDARD = gnu17;
				GCC_DYNAMIC_NO_PIC = NO;
				GCC_NO_COMMON_BLOCKS = YES;
				GCC_OPTIMIZATION_LEVEL = 0;
				GCC_PREPROCESSOR_DEFINITIONS = (
					"DEBUG=1",
					"$(inherited)",
				);
				GCC_WARN_64_TO_32_BIT_CONVERSION = YES;
				GCC_WARN_ABOUT_RETURN_TYPE = YES_ERROR;
				GCC_WARN_UNDECLARED_SELECTOR = YES;
				GCC_WARN_UNINITIALIZED_AUTOS = YES_AGGRESSIVE;
				GCC_WARN_UNUSED_FUNCTION = YES;
				GCC_WARN_UNUSED_VARIABLE = YES;
				IPHONEOS_DEPLOYMENT_TARGET = 17.5;
				LOCALIZATION_PREFERS_STRING_CATALOGS = YES;
				MTL_ENABLE_DEBUG_INFO = INCLUDE_SOURCE;
				MTL_FAST_MATH = YES;
				ONLY_ACTIVE_ARCH = YES;
				SDKROOT = iphoneos;
				SWIFT_ACTIVE_COMPILATION_CONDITIONS = "DEBUG $(inherited)";
				SWIFT_OPTIMIZATION_LEVEL = "-Onone";
			};
			name = Debug;
		};
		CE9614582D8C6F9A00AC062C /* Release */ = {
			isa = XCBuildConfiguration;
			buildSettings = {
				ALWAYS_SEARCH_USER_PATHS = NO;
				ASSETCATALOG_COMPILER_GENERATE_SWIFT_ASSET_SYMBOL_EXTENSIONS = YES;
				CLANG_ANALYZER_LOCALIZABILITY_NONLOCALIZED = YES;
				CLANG_ANALYZER_NONNULL = YES;
				CLANG_ANALYZER_NUMBER_OBJECT_CONVERSION = YES_AGGRESSIVE;
				CLANG_CXX_LANGUAGE_STANDARD = "gnu++20";
				CLANG_ENABLE_MODULES = YES;
				CLANG_ENABLE_OBJC_ARC = YES;
				CLANG_ENABLE_OBJC_WEAK = YES;
				CLANG_WARN_BLOCK_CAPTURE_AUTORELEASING = YES;
				CLANG_WARN_BOOL_CONVERSION = YES;
				CLANG_WARN_COMMA = YES;
				CLANG_WARN_CONSTANT_CONVERSION = YES;
				CLANG_WARN_DEPRECATED_OBJC_IMPLEMENTATIONS = YES;
				CLANG_WARN_DIRECT_OBJC_ISA_USAGE = YES_ERROR;
				CLANG_WARN_DOCUMENTATION_COMMENTS = YES;
				CLANG_WARN_EMPTY_BODY = YES;
				CLANG_WARN_ENUM_CONVERSION = YES;
				CLANG_WARN_INFINITE_RECURSION = YES;
				CLANG_WARN_INT_CONVERSION = YES;
				CLANG_WARN_NON_LITERAL_NULL_CONVERSION = YES;
				CLANG_WARN_OBJC_IMPLICIT_RETAIN_SELF = YES;
				CLANG_WARN_OBJC_LITERAL_CONVERSION = YES;
				CLANG_WARN_OBJC_ROOT_CLASS = YES_ERROR;
				CLANG_WARN_QUOTED_INCLUDE_IN_FRAMEWORK_HEADER = YES;
				CLANG_WARN_RANGE_LOOP_ANALYSIS = YES;
				CLANG_WARN_STRICT_PROTOTYPES = YES;
				CLANG_WARN_SUSPICIOUS_MOVE = YES;
				CLANG_WARN_UNGUARDED_AVAILABILITY = YES_AGGRESSIVE;
				CLANG_WARN_UNREACHABLE_CODE = YES;
				CLANG_WARN__DUPLICATE_METHOD_MATCH = YES;
				COPY_PHASE_STRIP = NO;
				DEBUG_INFORMATION_FORMAT = "dwarf-with-dsym";
				ENABLE_NS_ASSERTIONS = NO;
				ENABLE_STRICT_OBJC_MSGSEND = YES;
				ENABLE_USER_SCRIPT_SANDBOXING = YES;
				GCC_C_LANGUAGE_STANDARD = gnu17;
				GCC_NO_COMMON_BLOCKS = YES;
				GCC_WARN_64_TO_32_BIT_CONVERSION = YES;
				GCC_WARN_ABOUT_RETURN_TYPE = YES_ERROR;
				GCC_WARN_UNDECLARED_SELECTOR = YES;
				GCC_WARN_UNINITIALIZED_AUTOS = YES_AGGRESSIVE;
				GCC_WARN_UNUSED_FUNCTION = YES;
				GCC_WARN_UNUSED_VARIABLE = YES;
				IPHONEOS_DEPLOYMENT_TARGET = 17.5;
				LOCALIZATION_PREFERS_STRING_CATALOGS = YES;
				MTL_ENABLE_DEBUG_INFO = NO;
				MTL_FAST_MATH = YES;
				SDKROOT = iphoneos;
				SWIFT_COMPILATION_MODE = wholemodule;
				VALIDATE_PRODUCT = YES;
			};
			name = Release;
		};
		CE96145A2D8C6F9A00AC062C /* Debug */ = {
			isa = XCBuildConfiguration;
			buildSettings = {
				ASSETCATALOG_COMPILER_APPICON_NAME = AppIcon;
				ASSETCATALOG_COMPILER_GLOBAL_ACCENT_COLOR_NAME = AccentColor;
				CODE_SIGN_STYLE = Automatic;
				CURRENT_PROJECT_VERSION = 1;
				DEVELOPMENT_TEAM = 5JT77YB5Z4;
				GENERATE_INFOPLIST_FILE = YES;
				INFOPLIST_FILE = Tracker/Info.plist;
				INFOPLIST_KEY_UIApplicationSupportsIndirectInputEvents = YES;
				INFOPLIST_KEY_UILaunchStoryboardName = LaunchScreen;
				INFOPLIST_KEY_UISupportedInterfaceOrientations = UIInterfaceOrientationPortrait;
				IPHONEOS_DEPLOYMENT_TARGET = 13.4;
				LD_RUNPATH_SEARCH_PATHS = (
					"$(inherited)",
					"@executable_path/Frameworks",
				);
				MARKETING_VERSION = 1.0;
				PRODUCT_BUNDLE_IDENTIFIER = com.olyasmirnova.Tracker.Tracker;
				PRODUCT_NAME = "$(TARGET_NAME)";
				SWIFT_EMIT_LOC_STRINGS = YES;
				SWIFT_VERSION = 5.0;
				TARGETED_DEVICE_FAMILY = "1,2";
			};
			name = Debug;
		};
		CE96145B2D8C6F9A00AC062C /* Release */ = {
			isa = XCBuildConfiguration;
			buildSettings = {
				ASSETCATALOG_COMPILER_APPICON_NAME = AppIcon;
				ASSETCATALOG_COMPILER_GLOBAL_ACCENT_COLOR_NAME = AccentColor;
				CODE_SIGN_STYLE = Automatic;
				CURRENT_PROJECT_VERSION = 1;
				DEVELOPMENT_TEAM = 5JT77YB5Z4;
				GENERATE_INFOPLIST_FILE = YES;
				INFOPLIST_FILE = Tracker/Info.plist;
				INFOPLIST_KEY_UIApplicationSupportsIndirectInputEvents = YES;
				INFOPLIST_KEY_UILaunchStoryboardName = LaunchScreen;
				INFOPLIST_KEY_UISupportedInterfaceOrientations = UIInterfaceOrientationPortrait;
				IPHONEOS_DEPLOYMENT_TARGET = 13.4;
				LD_RUNPATH_SEARCH_PATHS = (
					"$(inherited)",
					"@executable_path/Frameworks",
				);
				MARKETING_VERSION = 1.0;
				PRODUCT_BUNDLE_IDENTIFIER = com.olyasmirnova.Tracker.Tracker;
				PRODUCT_NAME = "$(TARGET_NAME)";
				SWIFT_EMIT_LOC_STRINGS = YES;
				SWIFT_VERSION = 5.0;
				TARGETED_DEVICE_FAMILY = "1,2";
			};
			name = Release;
		};
/* End XCBuildConfiguration section */

/* Begin XCConfigurationList section */
		CE89156A2DDAECA900861170 /* Build configuration list for PBXNativeTarget "TrackerTests" */ = {
			isa = XCConfigurationList;
			buildConfigurations = (
				CE8915682DDAECA900861170 /* Debug */,
				CE8915692DDAECA900861170 /* Release */,
			);
			defaultConfigurationIsVisible = 0;
			defaultConfigurationName = Release;
		};
		CE9614402D8C6F9800AC062C /* Build configuration list for PBXProject "Tracker" */ = {
			isa = XCConfigurationList;
			buildConfigurations = (
				CE9614572D8C6F9A00AC062C /* Debug */,
				CE9614582D8C6F9A00AC062C /* Release */,
			);
			defaultConfigurationIsVisible = 0;
			defaultConfigurationName = Release;
		};
		CE9614592D8C6F9A00AC062C /* Build configuration list for PBXNativeTarget "Tracker" */ = {
			isa = XCConfigurationList;
			buildConfigurations = (
				CE96145A2D8C6F9A00AC062C /* Debug */,
				CE96145B2D8C6F9A00AC062C /* Release */,
			);
			defaultConfigurationIsVisible = 0;
			defaultConfigurationName = Release;
		};
/* End XCConfigurationList section */

/* Begin XCRemoteSwiftPackageReference section */
		CE89156B2DDAECD300861170 /* XCRemoteSwiftPackageReference "swift-snapshot-testing" */ = {
			isa = XCRemoteSwiftPackageReference;
			repositoryURL = "https://github.com/pointfreeco/swift-snapshot-testing";
			requirement = {
				kind = upToNextMajorVersion;
				minimumVersion = 1.18.3;
			};
		};
/* End XCRemoteSwiftPackageReference section */

/* Begin XCSwiftPackageProductDependency section */
		CE89156C2DDAECD300861170 /* InlineSnapshotTesting */ = {
			isa = XCSwiftPackageProductDependency;
			package = CE89156B2DDAECD300861170 /* XCRemoteSwiftPackageReference "swift-snapshot-testing" */;
			productName = InlineSnapshotTesting;
		};
		CE89156E2DDAECD300861170 /* SnapshotTesting */ = {
			isa = XCSwiftPackageProductDependency;
			package = CE89156B2DDAECD300861170 /* XCRemoteSwiftPackageReference "swift-snapshot-testing" */;
			productName = SnapshotTesting;
		};
		CE8915702DDAECD300861170 /* SnapshotTestingCustomDump */ = {
			isa = XCSwiftPackageProductDependency;
			package = CE89156B2DDAECD300861170 /* XCRemoteSwiftPackageReference "swift-snapshot-testing" */;
			productName = SnapshotTestingCustomDump;
		};
/* End XCSwiftPackageProductDependency section */

/* Begin XCVersionGroup section */
		CEA330692DB3C29B00BAA309 /* Tracker.xcdatamodeld */ = {
			isa = XCVersionGroup;
			children = (
				CEA3306A2DB3C29B00BAA309 /* Tracker.xcdatamodel */,
			);
			currentVersion = CEA3306A2DB3C29B00BAA309 /* Tracker.xcdatamodel */;
			path = Tracker.xcdatamodeld;
			sourceTree = "<group>";
			versionGroupType = wrapper.xcdatamodel;
		};
/* End XCVersionGroup section */
	};
	rootObject = CE96143D2D8C6F9800AC062C /* Project object */;
}
